
Microsoft Visual Studio Solution File, Format Version 12.00
# Visual Studio Version 16
VisualStudioVersion = 16.0.30711.63
MinimumVisualStudioVersion = 10.0.40219.1
Project("{9A19103F-16F7-4668-BE54-9A1E7A4F7556}") = "GeneralDataScience_TF.NET", "GeneralDataScience_TF.NET\GeneralDataScience_TF.NET.csproj", "{8DC42309-8376-4DBE-A332-08B65C0C2C81}"
EndProject
Project("{2150E333-8FDC-42A3-9474-1A3956D46DE8}") = "Solution Items", "Solution Items", "{6CD97311-453F-4648-9B4F-BD5A281B9A03}"
	ProjectSection(SolutionItems) = preProject
		DataScienceOverview.md = DataScienceOverview.md
		LearningObjectiveOutline.md = LearningObjectiveOutline.md
		progress.md = progress.md
		README.md = README.md
		StatisticsProbability.md = StatisticsProbability.md
	EndProjectSection
EndProject
Global
	GlobalSection(SolutionConfigurationPlatforms) = preSolution
		Debug|Any CPU = Debug|Any CPU
		Release|Any CPU = Release|Any CPU
	EndGlobalSection
	GlobalSection(ProjectConfigurationPlatforms) = postSolution
		{8DC42309-8376-4DBE-A332-08B65C0C2C81}.Debug|Any CPU.ActiveCfg = Debug|Any CPU
		{8DC42309-8376-4DBE-A332-08B65C0C2C81}.Debug|Any CPU.Build.0 = Debug|Any CPU
		{8DC42309-8376-4DBE-A332-08B65C0C2C81}.Release|Any CPU.ActiveCfg = Release|Any CPU
		{8DC42309-8376-4DBE-A332-08B65C0C2C81}.Release|Any CPU.Build.0 = Release|Any CPU
	EndGlobalSection
	GlobalSection(SolutionProperties) = preSolution
		HideSolutionNode = FALSE
	EndGlobalSection
	GlobalSection(ExtensibilityGlobals) = postSolution
		SolutionGuid = {39DF6887-2F3B-4F22-9D6C-97E027382932}
	EndGlobalSection
EndGlobal
